
Microsoft Visual Studio Solution File, Format Version 12.00
# Visual Studio Version 17
VisualStudioVersion = 17.4.33122.133
MinimumVisualStudioVersion = 10.0.40219.1
Project("{9A19103F-16F7-4668-BE54-9A1E7A4F7556}") = "BulkyWeb", "BulkyWeb\BulkyWeb.csproj", "{5CE110C5-90A4-4F43-91BD-8337A26336D9}"
EndProject
Project("{FAE04EC0-301F-11D3-BF4B-00C04F79EFBC}") = "Bulky.DataAccess", "Bulky.DataAccess\Bulky.DataAccess.csproj", "{82813D69-AE47-4CF3-96DC-BD1F5FCDFB67}"
EndProject
Project("{FAE04EC0-301F-11D3-BF4B-00C04F79EFBC}") = "Bulky.Utility", "Bulky.Utility\Bulky.Utility.csproj", "{B934665C-D113-41C2-B380-F984BF1A070F}"
EndProject
Project("{FAE04EC0-301F-11D3-BF4B-00C04F79EFBC}") = "Bulky.Models", "Bulky.Models\Bulky.Models.csproj", "{2545520D-F05E-4EBA-9D04-9128C03E9E9D}"
EndProject
Global
	GlobalSection(SolutionConfigurationPlatforms) = preSolution
		Debug|Any CPU = Debug|Any CPU
		Release|Any CPU = Release|Any CPU
	EndGlobalSection
	GlobalSection(ProjectConfigurationPlatforms) = postSolution
		{5CE110C5-90A4-4F43-91BD-8337A26336D9}.Debug|Any CPU.ActiveCfg = Debug|Any CPU
		{5CE110C5-90A4-4F43-91BD-8337A26336D9}.Debug|Any CPU.Build.0 = Debug|Any CPU
		{5CE110C5-90A4-4F43-91BD-8337A26336D9}.Release|Any CPU.ActiveCfg = Release|Any CPU
		{5CE110C5-90A4-4F43-91BD-8337A26336D9}.Release|Any CPU.Build.0 = Release|Any CPU
		{82813D69-AE47-4CF3-96DC-BD1F5FCDFB67}.Debug|Any CPU.ActiveCfg = Debug|Any CPU
		{82813D69-AE47-4CF3-96DC-BD1F5FCDFB67}.Debug|Any CPU.Build.0 = Debug|Any CPU
		{82813D69-AE47-4CF3-96DC-BD1F5FCDFB67}.Release|Any CPU.ActiveCfg = Release|Any CPU
		{82813D69-AE47-4CF3-96DC-BD1F5FCDFB67}.Release|Any CPU.Build.0 = Release|Any CPU
		{B934665C-D113-41C2-B380-F984BF1A070F}.Debug|Any CPU.ActiveCfg = Debug|Any CPU
		{B934665C-D113-41C2-B380-F984BF1A070F}.Debug|Any CPU.Build.0 = Debug|Any CPU
		{B934665C-D113-41C2-B380-F984BF1A070F}.Release|Any CPU.ActiveCfg = Release|Any CPU
		{B934665C-D113-41C2-B380-F984BF1A070F}.Release|Any CPU.Build.0 = Release|Any CPU
		{2545520D-F05E-4EBA-9D04-9128C03E9E9D}.Debug|Any CPU.ActiveCfg = Debug|Any CPU
		{2545520D-F05E-4EBA-9D04-9128C03E9E9D}.Debug|Any CPU.Build.0 = Debug|Any CPU
		{2545520D-F05E-4EBA-9D04-9128C03E9E9D}.Release|Any CPU.ActiveCfg = Release|Any CPU
		{2545520D-F05E-4EBA-9D04-9128C03E9E9D}.Release|Any CPU.Build.0 = Release|Any CPU
	EndGlobalSection
	GlobalSection(SolutionProperties) = preSolution
		HideSolutionNode = FALSE
	EndGlobalSection
	GlobalSection(ExtensibilityGlobals) = postSolution
		SolutionGuid = {95E315E7-FEC0-4B58-B692-BE13098F7414}
	EndGlobalSection
EndGlobal
